
Microsoft Visual Studio Solution File, Format Version 12.00
# Visual Studio Version 16
VisualStudioVersion = 16.0.30503.244
MinimumVisualStudioVersion = 10.0.40219.1
Project("{F184B08F-C81C-45F6-A57F-5ABD9991F28F}") = "ShuffleTheDeckLC", "ShuffleTheDeckLC.vbproj", "{B4BA76FF-2AEC-4807-A26D-59FDA6D68256}"
EndProject
Global
	GlobalSection(SolutionConfigurationPlatforms) = preSolution
		Debug|Any CPU = Debug|Any CPU
		Release|Any CPU = Release|Any CPU
	EndGlobalSection
	GlobalSection(ProjectConfigurationPlatforms) = postSolution
		{B4BA76FF-2AEC-4807-A26D-59FDA6D68256}.Debug|Any CPU.ActiveCfg = Debug|Any CPU
		{B4BA76FF-2AEC-4807-A26D-59FDA6D68256}.Debug|Any CPU.Build.0 = Debug|Any CPU
		{B4BA76FF-2AEC-4807-A26D-59FDA6D68256}.Release|Any CPU.ActiveCfg = Release|Any CPU
		{B4BA76FF-2AEC-4807-A26D-59FDA6D68256}.Release|Any CPU.Build.0 = Release|Any CPU
	EndGlobalSection
	GlobalSection(SolutionProperties) = preSolution
		HideSolutionNode = FALSE
	EndGlobalSection
	GlobalSection(ExtensibilityGlobals) = postSolution
		SolutionGuid = {22891794-D653-4282-9718-DD5B82DD1EAE}
	EndGlobalSection
EndGlobal
